// !$*UTF8*$!
{
	archiveVersion = 1;
	classes = {
	};
	objectVersion = 55;
	objects = {

/* Begin PBXBuildFile section */
		6304B83628D3CDD100364AEE /* FavoriteVC.swift in Sources */ = {isa = PBXBuildFile; fileRef = 6304B83528D3CDD100364AEE /* FavoriteVC.swift */; };
		6362682228D4E62100A17C23 /* birdod.mp3 in Resources */ = {isa = PBXBuildFile; fileRef = 636267EC28D4E61D00A17C23 /* birdod.mp3 */; };
		6362682328D4E62100A17C23 /* Anguilliformesod.mp3 in Resources */ = {isa = PBXBuildFile; fileRef = 636267ED28D4E61D00A17C23 /* Anguilliformesod.mp3 */; };
		6362682428D4E62100A17C23 /* rhinood.mp3 in Resources */ = {isa = PBXBuildFile; fileRef = 636267EE28D4E61E00A17C23 /* rhinood.mp3 */; };
		6362682528D4E62100A17C23 /* owlod.mp3 in Resources */ = {isa = PBXBuildFile; fileRef = 636267EF28D4E61E00A17C23 /* owlod.mp3 */; };
		6362682628D4E62100A17C23 /* penguinod.mp3 in Resources */ = {isa = PBXBuildFile; fileRef = 636267F028D4E61E00A17C23 /* penguinod.mp3 */; };
		6362682728D4E62100A17C23 /* chickenod.mp3 in Resources */ = {isa = PBXBuildFile; fileRef = 636267F128D4E61E00A17C23 /* chickenod.mp3 */; };
		6362682828D4E62100A17C23 /* gotaod.mp3 in Resources */ = {isa = PBXBuildFile; fileRef = 636267F228D4E61E00A17C23 /* gotaod.mp3 */; };
		6362682928D4E62100A17C23 /* turtleod.mp3 in Resources */ = {isa = PBXBuildFile; fileRef = 636267F328D4E61E00A17C23 /* turtleod.mp3 */; };
		6362682A28D4E62100A17C23 /* mobulamobularod.mp3 in Resources */ = {isa = PBXBuildFile; fileRef = 636267F428D4E61E00A17C23 /* mobulamobularod.mp3 */; };
		6362682B28D4E62100A17C23 /* rabbitod.mp3 in Resources */ = {isa = PBXBuildFile; fileRef = 636267F528D4E61E00A17C23 /* rabbitod.mp3 */; };
		6362682C28D4E62100A17C23 /* Camelod.mp3 in Resources */ = {isa = PBXBuildFile; fileRef = 636267F628D4E61E00A17C23 /* Camelod.mp3 */; };
		6362682D28D4E62100A17C23 /* ladybugod.mp3 in Resources */ = {isa = PBXBuildFile; fileRef = 636267F728D4E61E00A17C23 /* ladybugod.mp3 */; };
		6362682E28D4E62100A17C23 /* horseod.mp3 in Resources */ = {isa = PBXBuildFile; fileRef = 636267F828D4E61E00A17C23 /* horseod.mp3 */; };
		6362682F28D4E62100A17C23 /* beardod.mp3 in Resources */ = {isa = PBXBuildFile; fileRef = 636267F928D4E61E00A17C23 /* beardod.mp3 */; };
		6362683028D4E62100A17C23 /* batod.mp3 in Resources */ = {isa = PBXBuildFile; fileRef = 636267FA28D4E61E00A17C23 /* batod.mp3 */; };
		6362683128D4E62100A17C23 /* catsharkod.mp3 in Resources */ = {isa = PBXBuildFile; fileRef = 636267FB28D4E61F00A17C23 /* catsharkod.mp3 */; };
		6362683228D4E62100A17C23 /* sailfishod.mp3 in Resources */ = {isa = PBXBuildFile; fileRef = 636267FC28D4E61F00A17C23 /* sailfishod.mp3 */; };
		6362683328D4E62100A17C23 /* lightfishod.mp3 in Resources */ = {isa = PBXBuildFile; fileRef = 636267FD28D4E61F00A17C23 /* lightfishod.mp3 */; };
		6362683428D4E62100A17C23 /* dogod.mp3 in Resources */ = {isa = PBXBuildFile; fileRef = 636267FE28D4E61F00A17C23 /* dogod.mp3 */; };
		6362683528D4E62100A17C23 /* chameleonod.mp3 in Resources */ = {isa = PBXBuildFile; fileRef = 636267FF28D4E61F00A17C23 /* chameleonod.mp3 */; };
		6362683628D4E62100A17C23 /* ostrichod.mp3 in Resources */ = {isa = PBXBuildFile; fileRef = 6362680028D4E61F00A17C23 /* ostrichod.mp3 */; };
		6362683728D4E62100A17C23 /* zebraod.mp3 in Resources */ = {isa = PBXBuildFile; fileRef = 6362680128D4E61F00A17C23 /* zebraod.mp3 */; };
		6362683828D4E62100A17C23 /* pigod.mp3 in Resources */ = {isa = PBXBuildFile; fileRef = 6362680228D4E61F00A17C23 /* pigod.mp3 */; };
		6362683928D4E62100A17C23 /* locustod.mp3 in Resources */ = {isa = PBXBuildFile; fileRef = 6362680328D4E61F00A17C23 /* locustod.mp3 */; };
		6362683A28D4E62100A17C23 /* fishod.mp3 in Resources */ = {isa = PBXBuildFile; fileRef = 6362680428D4E61F00A17C23 /* fishod.mp3 */; };
		6362683B28D4E62200A17C23 /* giraffeod.mp3 in Resources */ = {isa = PBXBuildFile; fileRef = 6362680528D4E61F00A17C23 /* giraffeod.mp3 */; };
		6362683C28D4E62200A17C23 /* jellyfishod.mp3 in Resources */ = {isa = PBXBuildFile; fileRef = 6362680628D4E61F00A17C23 /* jellyfishod.mp3 */; };
		6362683D28D4E62200A17C23 /* elephantod.mp3 in Resources */ = {isa = PBXBuildFile; fileRef = 6362680728D4E61F00A17C23 /* elephantod.mp3 */; };
		6362683E28D4E62200A17C23 /* crabod.mp3 in Resources */ = {isa = PBXBuildFile; fileRef = 6362680828D4E62000A17C23 /* crabod.mp3 */; };
		6362683F28D4E62200A17C23 /* frogod.mp3 in Resources */ = {isa = PBXBuildFile; fileRef = 6362680928D4E62000A17C23 /* frogod.mp3 */; };
		6362684028D4E62200A17C23 /* kangarrod.mp3 in Resources */ = {isa = PBXBuildFile; fileRef = 6362680A28D4E62000A17C23 /* kangarrod.mp3 */; };
		6362684128D4E62200A17C23 /* lionod.mp3 in Resources */ = {isa = PBXBuildFile; fileRef = 6362680B28D4E62000A17C23 /* lionod.mp3 */; };
		6362684228D4E62200A17C23 /* dolphinod.mp3 in Resources */ = {isa = PBXBuildFile; fileRef = 6362680C28D4E62000A17C23 /* dolphinod.mp3 */; };
		6362684328D4E62200A17C23 /* Tigerod.mp3 in Resources */ = {isa = PBXBuildFile; fileRef = 6362680D28D4E62000A17C23 /* Tigerod.mp3 */; };
		6362684428D4E62200A17C23 /* crocodileod.mp3 in Resources */ = {isa = PBXBuildFile; fileRef = 6362680E28D4E62000A17C23 /* crocodileod.mp3 */; };
		6362684528D4E62200A17C23 /* wolfod.mp3 in Resources */ = {isa = PBXBuildFile; fileRef = 6362680F28D4E62000A17C23 /* wolfod.mp3 */; };
		6362684628D4E62200A17C23 /* duckod.mp3 in Resources */ = {isa = PBXBuildFile; fileRef = 6362681028D4E62000A17C23 /* duckod.mp3 */; };
		6362684728D4E62200A17C23 /* peacockod.mp3 in Resources */ = {isa = PBXBuildFile; fileRef = 6362681128D4E62000A17C23 /* peacockod.mp3 */; };
		6362684928D4E62200A17C23 /* Beesod.mp3 in Resources */ = {isa = PBXBuildFile; fileRef = 6362681328D4E62000A17C23 /* Beesod.mp3 */; };
		6362684A28D4E62200A17C23 /* Monkeyod.mp3 in Resources */ = {isa = PBXBuildFile; fileRef = 6362681428D4E62000A17C23 /* Monkeyod.mp3 */; };
		6362684B28D4E62200A17C23 /* killerwhaleod.mp3 in Resources */ = {isa = PBXBuildFile; fileRef = 6362681528D4E62000A17C23 /* killerwhaleod.mp3 */; };
		6362684D28D4E62200A17C23 /* catod.mp3 in Resources */ = {isa = PBXBuildFile; fileRef = 6362681728D4E62100A17C23 /* catod.mp3 */; };
		6362684E28D4E62200A17C23 /* hammerheadsharkod.mp3 in Resources */ = {isa = PBXBuildFile; fileRef = 6362681828D4E62100A17C23 /* hammerheadsharkod.mp3 */; };
		6362684F28D4E62200A17C23 /* gazelleod.mp3 in Resources */ = {isa = PBXBuildFile; fileRef = 6362681928D4E62100A17C23 /* gazelleod.mp3 */; };
		6362685028D4E62200A17C23 /* bluewhaleod.mp3 in Resources */ = {isa = PBXBuildFile; fileRef = 6362681A28D4E62100A17C23 /* bluewhaleod.mp3 */; };
		6362685128D4E62200A17C23 /* snakeod.mp3 in Resources */ = {isa = PBXBuildFile; fileRef = 6362681B28D4E62100A17C23 /* snakeod.mp3 */; };
		6362685228D4E62200A17C23 /* Cowod.mp3 in Resources */ = {isa = PBXBuildFile; fileRef = 6362681C28D4E62100A17C23 /* Cowod.mp3 */; };
		6362685328D4E62200A17C23 /* gorillaod.mp3 in Resources */ = {isa = PBXBuildFile; fileRef = 6362681D28D4E62100A17C23 /* gorillaod.mp3 */; };
		6362685428D4E62200A17C23 /* butterflyod.mp3 in Resources */ = {isa = PBXBuildFile; fileRef = 6362681E28D4E62100A17C23 /* butterflyod.mp3 */; };
		6362685528D4E62200A17C23 /* raccoonod.mp3 in Resources */ = {isa = PBXBuildFile; fileRef = 6362681F28D4E62100A17C23 /* raccoonod.mp3 */; };
		6362685628D4E62200A17C23 /* goldfishod.mp3 in Resources */ = {isa = PBXBuildFile; fileRef = 6362682028D4E62100A17C23 /* goldfishod.mp3 */; };
		6362685728D4E62200A17C23 /* Cheetahod.mp3 in Resources */ = {isa = PBXBuildFile; fileRef = 6362682128D4E62100A17C23 /* Cheetahod.mp3 */; };
		6362685B28D4F88600A17C23 /* Eelod.mp3 in Resources */ = {isa = PBXBuildFile; fileRef = 6362685A28D4F88600A17C23 /* Eelod.mp3 */; };
		6362685F28D505AA00A17C23 /* antod.mp3 in Resources */ = {isa = PBXBuildFile; fileRef = 6362685E28D505AA00A17C23 /* antod.mp3 */; };
		6362686128D531A200A17C23 /* pandaod.mp3 in Resources */ = {isa = PBXBuildFile; fileRef = 6362686028D531A200A17C23 /* pandaod.mp3 */; };
		63A0631F28D1D78300DD19D6 /* AppDelegate.swift in Sources */ = {isa = PBXBuildFile; fileRef = 63A0631E28D1D78300DD19D6 /* AppDelegate.swift */; };
		63A0632128D1D78300DD19D6 /* ViewController.swift in Sources */ = {isa = PBXBuildFile; fileRef = 63A0632028D1D78300DD19D6 /* ViewController.swift */; };
		63A0632328D1D78300DD19D6 /* Experience.rcproject in Sources */ = {isa = PBXBuildFile; fileRef = 63A0632228D1D78300DD19D6 /* Experience.rcproject */; };
		63A0632628D1D78300DD19D6 /* Main.storyboard in Resources */ = {isa = PBXBuildFile; fileRef = 63A0632428D1D78300DD19D6 /* Main.storyboard */; };
		63A0632828D1D78400DD19D6 /* Assets.xcassets in Resources */ = {isa = PBXBuildFile; fileRef = 63A0632728D1D78400DD19D6 /* Assets.xcassets */; };
		63A0632B28D1D78400DD19D6 /* LaunchScreen.storyboard in Resources */ = {isa = PBXBuildFile; fileRef = 63A0632928D1D78400DD19D6 /* LaunchScreen.storyboard */; };
		63A0633528D1D78400DD19D6 /* AnimalsParkARTests.swift in Sources */ = {isa = PBXBuildFile; fileRef = 63A0633428D1D78400DD19D6 /* AnimalsParkARTests.swift */; };
		63A0633F28D1D78400DD19D6 /* AnimalsParkARUITests.swift in Sources */ = {isa = PBXBuildFile; fileRef = 63A0633E28D1D78400DD19D6 /* AnimalsParkARUITests.swift */; };
		63A0634128D1D78400DD19D6 /* AnimalsParkARUITestsLaunchTests.swift in Sources */ = {isa = PBXBuildFile; fileRef = 63A0634028D1D78400DD19D6 /* AnimalsParkARUITestsLaunchTests.swift */; };
		63A0635028D1D8E100DD19D6 /* AnimalsDetailsVC.swift in Sources */ = {isa = PBXBuildFile; fileRef = 63A0634F28D1D8E100DD19D6 /* AnimalsDetailsVC.swift */; };
		63A0635328D1DB4300DD19D6 /* AnimalsCollectionViewCell.swift in Sources */ = {isa = PBXBuildFile; fileRef = 63A0635128D1DB4300DD19D6 /* AnimalsCollectionViewCell.swift */; };
		63A0635428D1DB4300DD19D6 /* AnimalsCollectionViewCell.xib in Resources */ = {isa = PBXBuildFile; fileRef = 63A0635228D1DB4300DD19D6 /* AnimalsCollectionViewCell.xib */; };
		63A0635728D1DB5A00DD19D6 /* FilterCollectionViewCell.swift in Sources */ = {isa = PBXBuildFile; fileRef = 63A0635528D1DB5A00DD19D6 /* FilterCollectionViewCell.swift */; };
		63A0635828D1DB5A00DD19D6 /* FilterCollectionViewCell.xib in Resources */ = {isa = PBXBuildFile; fileRef = 63A0635628D1DB5A00DD19D6 /* FilterCollectionViewCell.xib */; };
		63A0635B28D1FF1D00DD19D6 /* coreData.xcdatamodeld in Sources */ = {isa = PBXBuildFile; fileRef = 63A0635928D1FF1D00DD19D6 /* coreData.xcdatamodeld */; };
		63AE03DC28D88AB200B9135D /* IQKeyboardManagerSwift in Frameworks */ = {isa = PBXBuildFile; productRef = 63AE03DB28D88AB200B9135D /* IQKeyboardManagerSwift */; };
		63C0B2B328D37924003D7A7C /* ShowAnimalDetailVC.swift in Sources */ = {isa = PBXBuildFile; fileRef = 63C0B2B228D37924003D7A7C /* ShowAnimalDetailVC.swift */; };
		63D9CFFA28D26999006DE3CD /* StructFile.swift in Sources */ = {isa = PBXBuildFile; fileRef = 63D9CFF928D26999006DE3CD /* StructFile.swift */; };
/* End PBXBuildFile section */

/* Begin PBXContainerItemProxy section */
		63A0633128D1D78400DD19D6 /* PBXContainerItemProxy */ = {
			isa = PBXContainerItemProxy;
			containerPortal = 63A0631328D1D78300DD19D6 /* Project object */;
			proxyType = 1;
			remoteGlobalIDString = 63A0631A28D1D78300DD19D6;
			remoteInfo = AnimalsParkAR;
		};
		63A0633B28D1D78400DD19D6 /* PBXContainerItemProxy */ = {
			isa = PBXContainerItemProxy;
			containerPortal = 63A0631328D1D78300DD19D6 /* Project object */;
			proxyType = 1;
			remoteGlobalIDString = 63A0631A28D1D78300DD19D6;
			remoteInfo = AnimalsParkAR;
		};
/* End PBXContainerItemProxy section */

/* Begin PBXFileReference section */
		6304B83528D3CDD100364AEE /* FavoriteVC.swift */ = {isa = PBXFileReference; lastKnownFileType = sourcecode.swift; path = FavoriteVC.swift; sourceTree = "<group>"; };
		636267EC28D4E61D00A17C23 /* birdod.mp3 */ = {isa = PBXFileReference; lastKnownFileType = audio.mp3; path = birdod.mp3; sourceTree = "<group>"; };
		636267ED28D4E61D00A17C23 /* Anguilliformesod.mp3 */ = {isa = PBXFileReference; lastKnownFileType = audio.mp3; path = Anguilliformesod.mp3; sourceTree = "<group>"; };
		636267EE28D4E61E00A17C23 /* rhinood.mp3 */ = {isa = PBXFileReference; lastKnownFileType = audio.mp3; path = rhinood.mp3; sourceTree = "<group>"; };
		636267EF28D4E61E00A17C23 /* owlod.mp3 */ = {isa = PBXFileReference; lastKnownFileType = audio.mp3; path = owlod.mp3; sourceTree = "<group>"; };
		636267F028D4E61E00A17C23 /* penguinod.mp3 */ = {isa = PBXFileReference; lastKnownFileType = audio.mp3; path = penguinod.mp3; sourceTree = "<group>"; };
		636267F128D4E61E00A17C23 /* chickenod.mp3 */ = {isa = PBXFileReference; lastKnownFileType = audio.mp3; path = chickenod.mp3; sourceTree = "<group>"; };
		636267F228D4E61E00A17C23 /* gotaod.mp3 */ = {isa = PBXFileReference; lastKnownFileType = audio.mp3; path = gotaod.mp3; sourceTree = "<group>"; };
		636267F328D4E61E00A17C23 /* turtleod.mp3 */ = {isa = PBXFileReference; lastKnownFileType = audio.mp3; path = turtleod.mp3; sourceTree = "<group>"; };
		636267F428D4E61E00A17C23 /* mobulamobularod.mp3 */ = {isa = PBXFileReference; lastKnownFileType = audio.mp3; path = mobulamobularod.mp3; sourceTree = "<group>"; };
		636267F528D4E61E00A17C23 /* rabbitod.mp3 */ = {isa = PBXFileReference; lastKnownFileType = audio.mp3; path = rabbitod.mp3; sourceTree = "<group>"; };
		636267F628D4E61E00A17C23 /* Camelod.mp3 */ = {isa = PBXFileReference; lastKnownFileType = audio.mp3; path = Camelod.mp3; sourceTree = "<group>"; };
		636267F728D4E61E00A17C23 /* ladybugod.mp3 */ = {isa = PBXFileReference; lastKnownFileType = audio.mp3; path = ladybugod.mp3; sourceTree = "<group>"; };
		636267F828D4E61E00A17C23 /* horseod.mp3 */ = {isa = PBXFileReference; lastKnownFileType = audio.mp3; path = horseod.mp3; sourceTree = "<group>"; };
		636267F928D4E61E00A17C23 /* beardod.mp3 */ = {isa = PBXFileReference; lastKnownFileType = audio.mp3; path = beardod.mp3; sourceTree = "<group>"; };
		636267FA28D4E61E00A17C23 /* batod.mp3 */ = {isa = PBXFileReference; lastKnownFileType = audio.mp3; path = batod.mp3; sourceTree = "<group>"; };
		636267FB28D4E61F00A17C23 /* catsharkod.mp3 */ = {isa = PBXFileReference; lastKnownFileType = audio.mp3; path = catsharkod.mp3; sourceTree = "<group>"; };
		636267FC28D4E61F00A17C23 /* sailfishod.mp3 */ = {isa = PBXFileReference; lastKnownFileType = audio.mp3; path = sailfishod.mp3; sourceTree = "<group>"; };
		636267FD28D4E61F00A17C23 /* lightfishod.mp3 */ = {isa = PBXFileReference; lastKnownFileType = audio.mp3; path = lightfishod.mp3; sourceTree = "<group>"; };
		636267FE28D4E61F00A17C23 /* dogod.mp3 */ = {isa = PBXFileReference; lastKnownFileType = audio.mp3; path = dogod.mp3; sourceTree = "<group>"; };
		636267FF28D4E61F00A17C23 /* chameleonod.mp3 */ = {isa = PBXFileReference; lastKnownFileType = audio.mp3; path = chameleonod.mp3; sourceTree = "<group>"; };
		6362680028D4E61F00A17C23 /* ostrichod.mp3 */ = {isa = PBXFileReference; lastKnownFileType = audio.mp3; path = ostrichod.mp3; sourceTree = "<group>"; };
		6362680128D4E61F00A17C23 /* zebraod.mp3 */ = {isa = PBXFileReference; lastKnownFileType = audio.mp3; path = zebraod.mp3; sourceTree = "<group>"; };
		6362680228D4E61F00A17C23 /* pigod.mp3 */ = {isa = PBXFileReference; lastKnownFileType = audio.mp3; path = pigod.mp3; sourceTree = "<group>"; };
		6362680328D4E61F00A17C23 /* locustod.mp3 */ = {isa = PBXFileReference; lastKnownFileType = audio.mp3; path = locustod.mp3; sourceTree = "<group>"; };
		6362680428D4E61F00A17C23 /* fishod.mp3 */ = {isa = PBXFileReference; lastKnownFileType = audio.mp3; path = fishod.mp3; sourceTree = "<group>"; };
		6362680528D4E61F00A17C23 /* giraffeod.mp3 */ = {isa = PBXFileReference; lastKnownFileType = audio.mp3; path = giraffeod.mp3; sourceTree = "<group>"; };
		6362680628D4E61F00A17C23 /* jellyfishod.mp3 */ = {isa = PBXFileReference; lastKnownFileType = audio.mp3; path = jellyfishod.mp3; sourceTree = "<group>"; };
		6362680728D4E61F00A17C23 /* elephantod.mp3 */ = {isa = PBXFileReference; lastKnownFileType = audio.mp3; path = elephantod.mp3; sourceTree = "<group>"; };
		6362680828D4E62000A17C23 /* crabod.mp3 */ = {isa = PBXFileReference; lastKnownFileType = audio.mp3; path = crabod.mp3; sourceTree = "<group>"; };
		6362680928D4E62000A17C23 /* frogod.mp3 */ = {isa = PBXFileReference; lastKnownFileType = audio.mp3; path = frogod.mp3; sourceTree = "<group>"; };
		6362680A28D4E62000A17C23 /* kangarrod.mp3 */ = {isa = PBXFileReference; lastKnownFileType = audio.mp3; path = kangarrod.mp3; sourceTree = "<group>"; };
		6362680B28D4E62000A17C23 /* lionod.mp3 */ = {isa = PBXFileReference; lastKnownFileType = audio.mp3; path = lionod.mp3; sourceTree = "<group>"; };
		6362680C28D4E62000A17C23 /* dolphinod.mp3 */ = {isa = PBXFileReference; lastKnownFileType = audio.mp3; path = dolphinod.mp3; sourceTree = "<group>"; };
		6362680D28D4E62000A17C23 /* Tigerod.mp3 */ = {isa = PBXFileReference; lastKnownFileType = audio.mp3; path = Tigerod.mp3; sourceTree = "<group>"; };
		6362680E28D4E62000A17C23 /* crocodileod.mp3 */ = {isa = PBXFileReference; lastKnownFileType = audio.mp3; path = crocodileod.mp3; sourceTree = "<group>"; };
		6362680F28D4E62000A17C23 /* wolfod.mp3 */ = {isa = PBXFileReference; lastKnownFileType = audio.mp3; path = wolfod.mp3; sourceTree = "<group>"; };
		6362681028D4E62000A17C23 /* duckod.mp3 */ = {isa = PBXFileReference; lastKnownFileType = audio.mp3; path = duckod.mp3; sourceTree = "<group>"; };
		6362681128D4E62000A17C23 /* peacockod.mp3 */ = {isa = PBXFileReference; lastKnownFileType = audio.mp3; path = peacockod.mp3; sourceTree = "<group>"; };
		6362681328D4E62000A17C23 /* Beesod.mp3 */ = {isa = PBXFileReference; lastKnownFileType = audio.mp3; path = Beesod.mp3; sourceTree = "<group>"; };
		6362681428D4E62000A17C23 /* Monkeyod.mp3 */ = {isa = PBXFileReference; lastKnownFileType = audio.mp3; path = Monkeyod.mp3; sourceTree = "<group>"; };
		6362681528D4E62000A17C23 /* killerwhaleod.mp3 */ = {isa = PBXFileReference; lastKnownFileType = audio.mp3; path = killerwhaleod.mp3; sourceTree = "<group>"; };
		6362681728D4E62100A17C23 /* catod.mp3 */ = {isa = PBXFileReference; lastKnownFileType = audio.mp3; path = catod.mp3; sourceTree = "<group>"; };
		6362681828D4E62100A17C23 /* hammerheadsharkod.mp3 */ = {isa = PBXFileReference; lastKnownFileType = audio.mp3; path = hammerheadsharkod.mp3; sourceTree = "<group>"; };
		6362681928D4E62100A17C23 /* gazelleod.mp3 */ = {isa = PBXFileReference; lastKnownFileType = audio.mp3; path = gazelleod.mp3; sourceTree = "<group>"; };
		6362681A28D4E62100A17C23 /* bluewhaleod.mp3 */ = {isa = PBXFileReference; lastKnownFileType = audio.mp3; path = bluewhaleod.mp3; sourceTree = "<group>"; };
		6362681B28D4E62100A17C23 /* snakeod.mp3 */ = {isa = PBXFileReference; lastKnownFileType = audio.mp3; path = snakeod.mp3; sourceTree = "<group>"; };
		6362681C28D4E62100A17C23 /* Cowod.mp3 */ = {isa = PBXFileReference; lastKnownFileType = audio.mp3; path = Cowod.mp3; sourceTree = "<group>"; };
		6362681D28D4E62100A17C23 /* gorillaod.mp3 */ = {isa = PBXFileReference; lastKnownFileType = audio.mp3; path = gorillaod.mp3; sourceTree = "<group>"; };
		6362681E28D4E62100A17C23 /* butterflyod.mp3 */ = {isa = PBXFileReference; lastKnownFileType = audio.mp3; path = butterflyod.mp3; sourceTree = "<group>"; };
		6362681F28D4E62100A17C23 /* raccoonod.mp3 */ = {isa = PBXFileReference; lastKnownFileType = audio.mp3; path = raccoonod.mp3; sourceTree = "<group>"; };
		6362682028D4E62100A17C23 /* goldfishod.mp3 */ = {isa = PBXFileReference; lastKnownFileType = audio.mp3; path = goldfishod.mp3; sourceTree = "<group>"; };
		6362682128D4E62100A17C23 /* Cheetahod.mp3 */ = {isa = PBXFileReference; lastKnownFileType = audio.mp3; path = Cheetahod.mp3; sourceTree = "<group>"; };
		6362685A28D4F88600A17C23 /* Eelod.mp3 */ = {isa = PBXFileReference; lastKnownFileType = audio.mp3; path = Eelod.mp3; sourceTree = "<group>"; };
		6362685E28D505AA00A17C23 /* antod.mp3 */ = {isa = PBXFileReference; lastKnownFileType = audio.mp3; path = antod.mp3; sourceTree = "<group>"; };
		6362686028D531A200A17C23 /* pandaod.mp3 */ = {isa = PBXFileReference; lastKnownFileType = audio.mp3; path = pandaod.mp3; sourceTree = "<group>"; };
		63A0631B28D1D78300DD19D6 /* AnimalsParkAR.app */ = {isa = PBXFileReference; explicitFileType = wrapper.application; includeInIndex = 0; path = AnimalsParkAR.app; sourceTree = BUILT_PRODUCTS_DIR; };
		63A0631E28D1D78300DD19D6 /* AppDelegate.swift */ = {isa = PBXFileReference; lastKnownFileType = sourcecode.swift; path = AppDelegate.swift; sourceTree = "<group>"; };
		63A0632028D1D78300DD19D6 /* ViewController.swift */ = {isa = PBXFileReference; lastKnownFileType = sourcecode.swift; path = ViewController.swift; sourceTree = "<group>"; };
		63A0632228D1D78300DD19D6 /* Experience.rcproject */ = {isa = PBXFileReference; lastKnownFileType = file.rcproject; path = Experience.rcproject; sourceTree = "<group>"; };
		63A0632528D1D78300DD19D6 /* Base */ = {isa = PBXFileReference; lastKnownFileType = file.storyboard; name = Base; path = Base.lproj/Main.storyboard; sourceTree = "<group>"; };
		63A0632728D1D78400DD19D6 /* Assets.xcassets */ = {isa = PBXFileReference; lastKnownFileType = folder.assetcatalog; path = Assets.xcassets; sourceTree = "<group>"; };
		63A0632A28D1D78400DD19D6 /* Base */ = {isa = PBXFileReference; lastKnownFileType = file.storyboard; name = Base; path = Base.lproj/LaunchScreen.storyboard; sourceTree = "<group>"; };
		63A0633028D1D78400DD19D6 /* AnimalsParkARTests.xctest */ = {isa = PBXFileReference; explicitFileType = wrapper.cfbundle; includeInIndex = 0; path = AnimalsParkARTests.xctest; sourceTree = BUILT_PRODUCTS_DIR; };
		63A0633428D1D78400DD19D6 /* AnimalsParkARTests.swift */ = {isa = PBXFileReference; lastKnownFileType = sourcecode.swift; path = AnimalsParkARTests.swift; sourceTree = "<group>"; };
		63A0633A28D1D78400DD19D6 /* AnimalsParkARUITests.xctest */ = {isa = PBXFileReference; explicitFileType = wrapper.cfbundle; includeInIndex = 0; path = AnimalsParkARUITests.xctest; sourceTree = BUILT_PRODUCTS_DIR; };
		63A0633E28D1D78400DD19D6 /* AnimalsParkARUITests.swift */ = {isa = PBXFileReference; lastKnownFileType = sourcecode.swift; path = AnimalsParkARUITests.swift; sourceTree = "<group>"; };
		63A0634028D1D78400DD19D6 /* AnimalsParkARUITestsLaunchTests.swift */ = {isa = PBXFileReference; lastKnownFileType = sourcecode.swift; path = AnimalsParkARUITestsLaunchTests.swift; sourceTree = "<group>"; };
		63A0634F28D1D8E100DD19D6 /* AnimalsDetailsVC.swift */ = {isa = PBXFileReference; lastKnownFileType = sourcecode.swift; path = AnimalsDetailsVC.swift; sourceTree = "<group>"; };
		63A0635128D1DB4300DD19D6 /* AnimalsCollectionViewCell.swift */ = {isa = PBXFileReference; lastKnownFileType = sourcecode.swift; path = AnimalsCollectionViewCell.swift; sourceTree = "<group>"; };
		63A0635228D1DB4300DD19D6 /* AnimalsCollectionViewCell.xib */ = {isa = PBXFileReference; lastKnownFileType = file.xib; path = AnimalsCollectionViewCell.xib; sourceTree = "<group>"; };
		63A0635528D1DB5A00DD19D6 /* FilterCollectionViewCell.swift */ = {isa = PBXFileReference; lastKnownFileType = sourcecode.swift; path = FilterCollectionViewCell.swift; sourceTree = "<group>"; };
		63A0635628D1DB5A00DD19D6 /* FilterCollectionViewCell.xib */ = {isa = PBXFileReference; lastKnownFileType = file.xib; path = FilterCollectionViewCell.xib; sourceTree = "<group>"; };
		63A0635A28D1FF1D00DD19D6 /* coreData.xcdatamodel */ = {isa = PBXFileReference; lastKnownFileType = wrapper.xcdatamodel; path = coreData.xcdatamodel; sourceTree = "<group>"; };
		63C0B2B228D37924003D7A7C /* ShowAnimalDetailVC.swift */ = {isa = PBXFileReference; lastKnownFileType = sourcecode.swift; path = ShowAnimalDetailVC.swift; sourceTree = "<group>"; };
		63D9CFF928D26999006DE3CD /* StructFile.swift */ = {isa = PBXFileReference; lastKnownFileType = sourcecode.swift; path = StructFile.swift; sourceTree = "<group>"; };
/* End PBXFileReference section */

/* Begin PBXFrameworksBuildPhase section */
		63A0631828D1D78300DD19D6 /* Frameworks */ = {
			isa = PBXFrameworksBuildPhase;
			buildActionMask = 2147483647;
			files = (
				63AE03DC28D88AB200B9135D /* IQKeyboardManagerSwift in Frameworks */,
			);
			runOnlyForDeploymentPostprocessing = 0;
		};
		63A0632D28D1D78400DD19D6 /* Frameworks */ = {
			isa = PBXFrameworksBuildPhase;
			buildActionMask = 2147483647;
			files = (
			);
			runOnlyForDeploymentPostprocessing = 0;
		};
		63A0633728D1D78400DD19D6 /* Frameworks */ = {
			isa = PBXFrameworksBuildPhase;
			buildActionMask = 2147483647;
			files = (
			);
			runOnlyForDeploymentPostprocessing = 0;
		};
/* End PBXFrameworksBuildPhase section */

/* Begin PBXGroup section */
		636267EB28D4E5D300A17C23 /* Sounds */ = {
			isa = PBXGroup;
			children = (
				6362685A28D4F88600A17C23 /* Eelod.mp3 */,
				6362685E28D505AA00A17C23 /* antod.mp3 */,
				636267ED28D4E61D00A17C23 /* Anguilliformesod.mp3 */,
				636267FA28D4E61E00A17C23 /* batod.mp3 */,
				636267F928D4E61E00A17C23 /* beardod.mp3 */,
				6362681328D4E62000A17C23 /* Beesod.mp3 */,
				636267EC28D4E61D00A17C23 /* birdod.mp3 */,
				6362681A28D4E62100A17C23 /* bluewhaleod.mp3 */,
				6362681E28D4E62100A17C23 /* butterflyod.mp3 */,
				636267F628D4E61E00A17C23 /* Camelod.mp3 */,
				6362681728D4E62100A17C23 /* catod.mp3 */,
				636267FB28D4E61F00A17C23 /* catsharkod.mp3 */,
				636267FF28D4E61F00A17C23 /* chameleonod.mp3 */,
				6362682128D4E62100A17C23 /* Cheetahod.mp3 */,
				636267F128D4E61E00A17C23 /* chickenod.mp3 */,
				6362681C28D4E62100A17C23 /* Cowod.mp3 */,
				6362680828D4E62000A17C23 /* crabod.mp3 */,
				6362680E28D4E62000A17C23 /* crocodileod.mp3 */,
				636267FE28D4E61F00A17C23 /* dogod.mp3 */,
				6362680C28D4E62000A17C23 /* dolphinod.mp3 */,
				6362681028D4E62000A17C23 /* duckod.mp3 */,
				6362680728D4E61F00A17C23 /* elephantod.mp3 */,
				6362680428D4E61F00A17C23 /* fishod.mp3 */,
				6362680928D4E62000A17C23 /* frogod.mp3 */,
				6362681928D4E62100A17C23 /* gazelleod.mp3 */,
				6362680528D4E61F00A17C23 /* giraffeod.mp3 */,
				6362682028D4E62100A17C23 /* goldfishod.mp3 */,
				6362681D28D4E62100A17C23 /* gorillaod.mp3 */,
				636267F228D4E61E00A17C23 /* gotaod.mp3 */,
				6362681828D4E62100A17C23 /* hammerheadsharkod.mp3 */,
				636267F828D4E61E00A17C23 /* horseod.mp3 */,
				6362680628D4E61F00A17C23 /* jellyfishod.mp3 */,
				6362680A28D4E62000A17C23 /* kangarrod.mp3 */,
				6362681528D4E62000A17C23 /* killerwhaleod.mp3 */,
				636267F728D4E61E00A17C23 /* ladybugod.mp3 */,
				636267FD28D4E61F00A17C23 /* lightfishod.mp3 */,
				6362680B28D4E62000A17C23 /* lionod.mp3 */,
				6362680328D4E61F00A17C23 /* locustod.mp3 */,
				636267F428D4E61E00A17C23 /* mobulamobularod.mp3 */,
				6362686028D531A200A17C23 /* pandaod.mp3 */,
				6362681428D4E62000A17C23 /* Monkeyod.mp3 */,
				6362680028D4E61F00A17C23 /* ostrichod.mp3 */,
				636267EF28D4E61E00A17C23 /* owlod.mp3 */,
				6362681128D4E62000A17C23 /* peacockod.mp3 */,
				636267F028D4E61E00A17C23 /* penguinod.mp3 */,
				6362680228D4E61F00A17C23 /* pigod.mp3 */,
				636267F528D4E61E00A17C23 /* rabbitod.mp3 */,
				6362681F28D4E62100A17C23 /* raccoonod.mp3 */,
				636267EE28D4E61E00A17C23 /* rhinood.mp3 */,
				636267FC28D4E61F00A17C23 /* sailfishod.mp3 */,
				6362681B28D4E62100A17C23 /* snakeod.mp3 */,
				6362680D28D4E62000A17C23 /* Tigerod.mp3 */,
				636267F328D4E61E00A17C23 /* turtleod.mp3 */,
				6362680F28D4E62000A17C23 /* wolfod.mp3 */,
				6362680128D4E61F00A17C23 /* zebraod.mp3 */,
			);
			path = Sounds;
			sourceTree = "<group>";
		};
		63A0631228D1D78300DD19D6 = {
			isa = PBXGroup;
			children = (
				63A0631D28D1D78300DD19D6 /* AnimalsParkAR */,
				63A0633328D1D78400DD19D6 /* AnimalsParkARTests */,
				63A0633D28D1D78400DD19D6 /* AnimalsParkARUITests */,
				63A0631C28D1D78300DD19D6 /* Products */,
			);
			sourceTree = "<group>";
		};
		63A0631C28D1D78300DD19D6 /* Products */ = {
			isa = PBXGroup;
			children = (
				63A0631B28D1D78300DD19D6 /* AnimalsParkAR.app */,
				63A0633028D1D78400DD19D6 /* AnimalsParkARTests.xctest */,
				63A0633A28D1D78400DD19D6 /* AnimalsParkARUITests.xctest */,
			);
			name = Products;
			sourceTree = "<group>";
		};
		63A0631D28D1D78300DD19D6 /* AnimalsParkAR */ = {
			isa = PBXGroup;
			children = (
				636267EB28D4E5D300A17C23 /* Sounds */,
				63A0631E28D1D78300DD19D6 /* AppDelegate.swift */,
				63A0632028D1D78300DD19D6 /* ViewController.swift */,
				6304B83528D3CDD100364AEE /* FavoriteVC.swift */,
				63A0632228D1D78300DD19D6 /* Experience.rcproject */,
				63A0632428D1D78300DD19D6 /* Main.storyboard */,
				63A0632728D1D78400DD19D6 /* Assets.xcassets */,
				63A0632928D1D78400DD19D6 /* LaunchScreen.storyboard */,
				63A0634F28D1D8E100DD19D6 /* AnimalsDetailsVC.swift */,
				63A0635128D1DB4300DD19D6 /* AnimalsCollectionViewCell.swift */,
				63A0635228D1DB4300DD19D6 /* AnimalsCollectionViewCell.xib */,
				63A0635528D1DB5A00DD19D6 /* FilterCollectionViewCell.swift */,
				63A0635628D1DB5A00DD19D6 /* FilterCollectionViewCell.xib */,
				63A0635928D1FF1D00DD19D6 /* coreData.xcdatamodeld */,
				63D9CFF928D26999006DE3CD /* StructFile.swift */,
				63C0B2B228D37924003D7A7C /* ShowAnimalDetailVC.swift */,
			);
			path = AnimalsParkAR;
			sourceTree = "<group>";
		};
		63A0633328D1D78400DD19D6 /* AnimalsParkARTests */ = {
			isa = PBXGroup;
			children = (
				63A0633428D1D78400DD19D6 /* AnimalsParkARTests.swift */,
			);
			path = AnimalsParkARTests;
			sourceTree = "<group>";
		};
		63A0633D28D1D78400DD19D6 /* AnimalsParkARUITests */ = {
			isa = PBXGroup;
			children = (
				63A0633E28D1D78400DD19D6 /* AnimalsParkARUITests.swift */,
				63A0634028D1D78400DD19D6 /* AnimalsParkARUITestsLaunchTests.swift */,
			);
			path = AnimalsParkARUITests;
			sourceTree = "<group>";
		};
/* End PBXGroup section */

/* Begin PBXNativeTarget section */
		63A0631A28D1D78300DD19D6 /* AnimalsParkAR */ = {
			isa = PBXNativeTarget;
			buildConfigurationList = 63A0634428D1D78400DD19D6 /* Build configuration list for PBXNativeTarget "AnimalsParkAR" */;
			buildPhases = (
				63A0631728D1D78300DD19D6 /* Sources */,
				63A0631828D1D78300DD19D6 /* Frameworks */,
				63A0631928D1D78300DD19D6 /* Resources */,
			);
			buildRules = (
			);
			dependencies = (
			);
			name = AnimalsParkAR;
			packageProductDependencies = (
				63AE03DB28D88AB200B9135D /* IQKeyboardManagerSwift */,
			);
			productName = AnimalsParkAR;
			productReference = 63A0631B28D1D78300DD19D6 /* AnimalsParkAR.app */;
			productType = "com.apple.product-type.application";
		};
		63A0632F28D1D78400DD19D6 /* AnimalsParkARTests */ = {
			isa = PBXNativeTarget;
			buildConfigurationList = 63A0634728D1D78400DD19D6 /* Build configuration list for PBXNativeTarget "AnimalsParkARTests" */;
			buildPhases = (
				63A0632C28D1D78400DD19D6 /* Sources */,
				63A0632D28D1D78400DD19D6 /* Frameworks */,
				63A0632E28D1D78400DD19D6 /* Resources */,
			);
			buildRules = (
			);
			dependencies = (
				63A0633228D1D78400DD19D6 /* PBXTargetDependency */,
			);
			name = AnimalsParkARTests;
			productName = AnimalsParkARTests;
			productReference = 63A0633028D1D78400DD19D6 /* AnimalsParkARTests.xctest */;
			productType = "com.apple.product-type.bundle.unit-test";
		};
		63A0633928D1D78400DD19D6 /* AnimalsParkARUITests */ = {
			isa = PBXNativeTarget;
			buildConfigurationList = 63A0634A28D1D78400DD19D6 /* Build configuration list for PBXNativeTarget "AnimalsParkARUITests" */;
			buildPhases = (
				63A0633628D1D78400DD19D6 /* Sources */,
				63A0633728D1D78400DD19D6 /* Frameworks */,
				63A0633828D1D78400DD19D6 /* Resources */,
			);
			buildRules = (
			);
			dependencies = (
				63A0633C28D1D78400DD19D6 /* PBXTargetDependency */,
			);
			name = AnimalsParkARUITests;
			productName = AnimalsParkARUITests;
			productReference = 63A0633A28D1D78400DD19D6 /* AnimalsParkARUITests.xctest */;
			productType = "com.apple.product-type.bundle.ui-testing";
		};
/* End PBXNativeTarget section */

/* Begin PBXProject section */
		63A0631328D1D78300DD19D6 /* Project object */ = {
			isa = PBXProject;
			attributes = {
				BuildIndependentTargetsInParallel = 1;
				LastSwiftUpdateCheck = 1320;
				LastUpgradeCheck = 1320;
				TargetAttributes = {
					63A0631A28D1D78300DD19D6 = {
						CreatedOnToolsVersion = 13.2.1;
					};
					63A0632F28D1D78400DD19D6 = {
						CreatedOnToolsVersion = 13.2.1;
						TestTargetID = 63A0631A28D1D78300DD19D6;
					};
					63A0633928D1D78400DD19D6 = {
						CreatedOnToolsVersion = 13.2.1;
						TestTargetID = 63A0631A28D1D78300DD19D6;
					};
				};
			};
			buildConfigurationList = 63A0631628D1D78300DD19D6 /* Build configuration list for PBXProject "AnimalsParkAR" */;
			compatibilityVersion = "Xcode 13.0";
			developmentRegion = en;
			hasScannedForEncodings = 0;
			knownRegions = (
				en,
				Base,
			);
			mainGroup = 63A0631228D1D78300DD19D6;
			packageReferences = (
				63AE03DA28D88AB200B9135D /* XCRemoteSwiftPackageReference "IQKeyboardManager" */,
			);
			productRefGroup = 63A0631C28D1D78300DD19D6 /* Products */;
			projectDirPath = "";
			projectRoot = "";
			targets = (
				63A0631A28D1D78300DD19D6 /* AnimalsParkAR */,
				63A0632F28D1D78400DD19D6 /* AnimalsParkARTests */,
				63A0633928D1D78400DD19D6 /* AnimalsParkARUITests */,
			);
		};
/* End PBXProject section */

/* Begin PBXResourcesBuildPhase section */
		63A0631928D1D78300DD19D6 /* Resources */ = {
			isa = PBXResourcesBuildPhase;
			buildActionMask = 2147483647;
			files = (
				6362682A28D4E62100A17C23 /* mobulamobularod.mp3 in Resources */,
				6362683B28D4E62200A17C23 /* giraffeod.mp3 in Resources */,
				6362683128D4E62100A17C23 /* catsharkod.mp3 in Resources */,
				6362682928D4E62100A17C23 /* turtleod.mp3 in Resources */,
				6362684428D4E62200A17C23 /* crocodileod.mp3 in Resources */,
				6362684528D4E62200A17C23 /* wolfod.mp3 in Resources */,
				6362682D28D4E62100A17C23 /* ladybugod.mp3 in Resources */,
				6362684E28D4E62200A17C23 /* hammerheadsharkod.mp3 in Resources */,
				6362684928D4E62200A17C23 /* Beesod.mp3 in Resources */,
				6362683428D4E62100A17C23 /* dogod.mp3 in Resources */,
				63A0632B28D1D78400DD19D6 /* LaunchScreen.storyboard in Resources */,
				6362683628D4E62100A17C23 /* ostrichod.mp3 in Resources */,
				63A0635828D1DB5A00DD19D6 /* FilterCollectionViewCell.xib in Resources */,
				6362682828D4E62100A17C23 /* gotaod.mp3 in Resources */,
				6362685528D4E62200A17C23 /* raccoonod.mp3 in Resources */,
				6362683C28D4E62200A17C23 /* jellyfishod.mp3 in Resources */,
				6362683528D4E62100A17C23 /* chameleonod.mp3 in Resources */,
				6362685F28D505AA00A17C23 /* antod.mp3 in Resources */,
				6362685628D4E62200A17C23 /* goldfishod.mp3 in Resources */,
				6362684228D4E62200A17C23 /* dolphinod.mp3 in Resources */,
				6362684028D4E62200A17C23 /* kangarrod.mp3 in Resources */,
				6362683828D4E62100A17C23 /* pigod.mp3 in Resources */,
				6362685328D4E62200A17C23 /* gorillaod.mp3 in Resources */,
				63A0632828D1D78400DD19D6 /* Assets.xcassets in Resources */,
				6362684128D4E62200A17C23 /* lionod.mp3 in Resources */,
				63A0635428D1DB4300DD19D6 /* AnimalsCollectionViewCell.xib in Resources */,
				6362684628D4E62200A17C23 /* duckod.mp3 in Resources */,
				6362682428D4E62100A17C23 /* rhinood.mp3 in Resources */,
				6362685128D4E62200A17C23 /* snakeod.mp3 in Resources */,
				6362683728D4E62100A17C23 /* zebraod.mp3 in Resources */,
				6362683228D4E62100A17C23 /* sailfishod.mp3 in Resources */,
				6362683328D4E62100A17C23 /* lightfishod.mp3 in Resources */,
				6362683028D4E62100A17C23 /* batod.mp3 in Resources */,
				6362682228D4E62100A17C23 /* birdod.mp3 in Resources */,
				6362684A28D4E62200A17C23 /* Monkeyod.mp3 in Resources */,
				6362684728D4E62200A17C23 /* peacockod.mp3 in Resources */,
				6362685B28D4F88600A17C23 /* Eelod.mp3 in Resources */,
				6362684F28D4E62200A17C23 /* gazelleod.mp3 in Resources */,
				6362683928D4E62100A17C23 /* locustod.mp3 in Resources */,
				6362684328D4E62200A17C23 /* Tigerod.mp3 in Resources */,
				63A0632628D1D78300DD19D6 /* Main.storyboard in Resources */,
				6362683A28D4E62100A17C23 /* fishod.mp3 in Resources */,
				6362683F28D4E62200A17C23 /* frogod.mp3 in Resources */,
				6362682528D4E62100A17C23 /* owlod.mp3 in Resources */,
				6362685428D4E62200A17C23 /* butterflyod.mp3 in Resources */,
				6362683E28D4E62200A17C23 /* crabod.mp3 in Resources */,
				6362683D28D4E62200A17C23 /* elephantod.mp3 in Resources */,
				6362685028D4E62200A17C23 /* bluewhaleod.mp3 in Resources */,
				6362686128D531A200A17C23 /* pandaod.mp3 in Resources */,
				6362685228D4E62200A17C23 /* Cowod.mp3 in Resources */,
				6362684D28D4E62200A17C23 /* catod.mp3 in Resources */,
				6362682628D4E62100A17C23 /* penguinod.mp3 in Resources */,
				6362682E28D4E62100A17C23 /* horseod.mp3 in Resources */,
				6362682B28D4E62100A17C23 /* rabbitod.mp3 in Resources */,
				6362682F28D4E62100A17C23 /* beardod.mp3 in Resources */,
				6362684B28D4E62200A17C23 /* killerwhaleod.mp3 in Resources */,
				6362685728D4E62200A17C23 /* Cheetahod.mp3 in Resources */,
				6362682728D4E62100A17C23 /* chickenod.mp3 in Resources */,
				6362682C28D4E62100A17C23 /* Camelod.mp3 in Resources */,
				6362682328D4E62100A17C23 /* Anguilliformesod.mp3 in Resources */,
			);
			runOnlyForDeploymentPostprocessing = 0;
		};
		63A0632E28D1D78400DD19D6 /* Resources */ = {
			isa = PBXResourcesBuildPhase;
			buildActionMask = 2147483647;
			files = (
			);
			runOnlyForDeploymentPostprocessing = 0;
		};
		63A0633828D1D78400DD19D6 /* Resources */ = {
			isa = PBXResourcesBuildPhase;
			buildActionMask = 2147483647;
			files = (
			);
			runOnlyForDeploymentPostprocessing = 0;
		};
/* End PBXResourcesBuildPhase section */

/* Begin PBXSourcesBuildPhase section */
		63A0631728D1D78300DD19D6 /* Sources */ = {
			isa = PBXSourcesBuildPhase;
			buildActionMask = 2147483647;
			files = (
				63D9CFFA28D26999006DE3CD /* StructFile.swift in Sources */,
				63A0635B28D1FF1D00DD19D6 /* coreData.xcdatamodeld in Sources */,
				63A0632128D1D78300DD19D6 /* ViewController.swift in Sources */,
				63A0635328D1DB4300DD19D6 /* AnimalsCollectionViewCell.swift in Sources */,
				6304B83628D3CDD100364AEE /* FavoriteVC.swift in Sources */,
				63A0635028D1D8E100DD19D6 /* AnimalsDetailsVC.swift in Sources */,
				63C0B2B328D37924003D7A7C /* ShowAnimalDetailVC.swift in Sources */,
				63A0631F28D1D78300DD19D6 /* AppDelegate.swift in Sources */,
				63A0632328D1D78300DD19D6 /* Experience.rcproject in Sources */,
				63A0635728D1DB5A00DD19D6 /* FilterCollectionViewCell.swift in Sources */,
			);
			runOnlyForDeploymentPostprocessing = 0;
		};
		63A0632C28D1D78400DD19D6 /* Sources */ = {
			isa = PBXSourcesBuildPhase;
			buildActionMask = 2147483647;
			files = (
				63A0633528D1D78400DD19D6 /* AnimalsParkARTests.swift in Sources */,
			);
			runOnlyForDeploymentPostprocessing = 0;
		};
		63A0633628D1D78400DD19D6 /* Sources */ = {
			isa = PBXSourcesBuildPhase;
			buildActionMask = 2147483647;
			files = (
				63A0633F28D1D78400DD19D6 /* AnimalsParkARUITests.swift in Sources */,
				63A0634128D1D78400DD19D6 /* AnimalsParkARUITestsLaunchTests.swift in Sources */,
			);
			runOnlyForDeploymentPostprocessing = 0;
		};
/* End PBXSourcesBuildPhase section */

/* Begin PBXTargetDependency section */
		63A0633228D1D78400DD19D6 /* PBXTargetDependency */ = {
			isa = PBXTargetDependency;
			target = 63A0631A28D1D78300DD19D6 /* AnimalsParkAR */;
			targetProxy = 63A0633128D1D78400DD19D6 /* PBXContainerItemProxy */;
		};
		63A0633C28D1D78400DD19D6 /* PBXTargetDependency */ = {
			isa = PBXTargetDependency;
			target = 63A0631A28D1D78300DD19D6 /* AnimalsParkAR */;
			targetProxy = 63A0633B28D1D78400DD19D6 /* PBXContainerItemProxy */;
		};
/* End PBXTargetDependency section */

/* Begin PBXVariantGroup section */
		63A0632428D1D78300DD19D6 /* Main.storyboard */ = {
			isa = PBXVariantGroup;
			children = (
				63A0632528D1D78300DD19D6 /* Base */,
			);
			name = Main.storyboard;
			sourceTree = "<group>";
		};
		63A0632928D1D78400DD19D6 /* LaunchScreen.storyboard */ = {
			isa = PBXVariantGroup;
			children = (
				63A0632A28D1D78400DD19D6 /* Base */,
			);
			name = LaunchScreen.storyboard;
			sourceTree = "<group>";
		};
/* End PBXVariantGroup section */

/* Begin XCBuildConfiguration section */
		63A0634228D1D78400DD19D6 /* Debug */ = {
			isa = XCBuildConfiguration;
			buildSettings = {
				ALWAYS_SEARCH_USER_PATHS = NO;
				CLANG_ANALYZER_NONNULL = YES;
				CLANG_ANALYZER_NUMBER_OBJECT_CONVERSION = YES_AGGRESSIVE;
				CLANG_CXX_LANGUAGE_STANDARD = "gnu++17";
				CLANG_CXX_LIBRARY = "libc++";
				CLANG_ENABLE_MODULES = YES;
				CLANG_ENABLE_OBJC_ARC = YES;
				CLANG_ENABLE_OBJC_WEAK = YES;
				CLANG_WARN_BLOCK_CAPTURE_AUTORELEASING = YES;
				CLANG_WARN_BOOL_CONVERSION = YES;
				CLANG_WARN_COMMA = YES;
				CLANG_WARN_CONSTANT_CONVERSION = YES;
				CLANG_WARN_DEPRECATED_OBJC_IMPLEMENTATIONS = YES;
				CLANG_WARN_DIRECT_OBJC_ISA_USAGE = YES_ERROR;
				CLANG_WARN_DOCUMENTATION_COMMENTS = YES;
				CLANG_WARN_EMPTY_BODY = YES;
				CLANG_WARN_ENUM_CONVERSION = YES;
				CLANG_WARN_INFINITE_RECURSION = YES;
				CLANG_WARN_INT_CONVERSION = YES;
				CLANG_WARN_NON_LITERAL_NULL_CONVERSION = YES;
				CLANG_WARN_OBJC_IMPLICIT_RETAIN_SELF = YES;
				CLANG_WARN_OBJC_LITERAL_CONVERSION = YES;
				CLANG_WARN_OBJC_ROOT_CLASS = YES_ERROR;
				CLANG_WARN_QUOTED_INCLUDE_IN_FRAMEWORK_HEADER = YES;
				CLANG_WARN_RANGE_LOOP_ANALYSIS = YES;
				CLANG_WARN_STRICT_PROTOTYPES = YES;
				CLANG_WARN_SUSPICIOUS_MOVE = YES;
				CLANG_WARN_UNGUARDED_AVAILABILITY = YES_AGGRESSIVE;
				CLANG_WARN_UNREACHABLE_CODE = YES;
				CLANG_WARN__DUPLICATE_METHOD_MATCH = YES;
				COPY_PHASE_STRIP = NO;
				DEBUG_INFORMATION_FORMAT = dwarf;
				ENABLE_STRICT_OBJC_MSGSEND = YES;
				ENABLE_TESTABILITY = YES;
				GCC_C_LANGUAGE_STANDARD = gnu11;
				GCC_DYNAMIC_NO_PIC = NO;
				GCC_NO_COMMON_BLOCKS = YES;
				GCC_OPTIMIZATION_LEVEL = 0;
				GCC_PREPROCESSOR_DEFINITIONS = (
					"DEBUG=1",
					"$(inherited)",
				);
				GCC_WARN_64_TO_32_BIT_CONVERSION = YES;
				GCC_WARN_ABOUT_RETURN_TYPE = YES_ERROR;
				GCC_WARN_UNDECLARED_SELECTOR = YES;
				GCC_WARN_UNINITIALIZED_AUTOS = YES_AGGRESSIVE;
				GCC_WARN_UNUSED_FUNCTION = YES;
				GCC_WARN_UNUSED_VARIABLE = YES;
				IPHONEOS_DEPLOYMENT_TARGET = 15.2;
				MTL_ENABLE_DEBUG_INFO = INCLUDE_SOURCE;
				MTL_FAST_MATH = YES;
				ONLY_ACTIVE_ARCH = YES;
				SDKROOT = iphoneos;
				SWIFT_ACTIVE_COMPILATION_CONDITIONS = DEBUG;
				SWIFT_OPTIMIZATION_LEVEL = "-Onone";
			};
			name = Debug;
		};
		63A0634328D1D78400DD19D6 /* Release */ = {
			isa = XCBuildConfiguration;
			buildSettings = {
				ALWAYS_SEARCH_USER_PATHS = NO;
				CLANG_ANALYZER_NONNULL = YES;
				CLANG_ANALYZER_NUMBER_OBJECT_CONVERSION = YES_AGGRESSIVE;
				CLANG_CXX_LANGUAGE_STANDARD = "gnu++17";
				CLANG_CXX_LIBRARY = "libc++";
				CLANG_ENABLE_MODULES = YES;
				CLANG_ENABLE_OBJC_ARC = YES;
				CLANG_ENABLE_OBJC_WEAK = YES;
				CLANG_WARN_BLOCK_CAPTURE_AUTORELEASING = YES;
				CLANG_WARN_BOOL_CONVERSION = YES;
				CLANG_WARN_COMMA = YES;
				CLANG_WARN_CONSTANT_CONVERSION = YES;
				CLANG_WARN_DEPRECATED_OBJC_IMPLEMENTATIONS = YES;
				CLANG_WARN_DIRECT_OBJC_ISA_USAGE = YES_ERROR;
				CLANG_WARN_DOCUMENTATION_COMMENTS = YES;
				CLANG_WARN_EMPTY_BODY = YES;
				CLANG_WARN_ENUM_CONVERSION = YES;
				CLANG_WARN_INFINITE_RECURSION = YES;
				CLANG_WARN_INT_CONVERSION = YES;
				CLANG_WARN_NON_LITERAL_NULL_CONVERSION = YES;
				CLANG_WARN_OBJC_IMPLICIT_RETAIN_SELF = YES;
				CLANG_WARN_OBJC_LITERAL_CONVERSION = YES;
				CLANG_WARN_OBJC_ROOT_CLASS = YES_ERROR;
				CLANG_WARN_QUOTED_INCLUDE_IN_FRAMEWORK_HEADER = YES;
				CLANG_WARN_RANGE_LOOP_ANALYSIS = YES;
				CLANG_WARN_STRICT_PROTOTYPES = YES;
				CLANG_WARN_SUSPICIOUS_MOVE = YES;
				CLANG_WARN_UNGUARDED_AVAILABILITY = YES_AGGRESSIVE;
				CLANG_WARN_UNREACHABLE_CODE = YES;
				CLANG_WARN__DUPLICATE_METHOD_MATCH = YES;
				COPY_PHASE_STRIP = NO;
				DEBUG_INFORMATION_FORMAT = "dwarf-with-dsym";
				ENABLE_NS_ASSERTIONS = NO;
				ENABLE_STRICT_OBJC_MSGSEND = YES;
				GCC_C_LANGUAGE_STANDARD = gnu11;
				GCC_NO_COMMON_BLOCKS = YES;
				GCC_WARN_64_TO_32_BIT_CONVERSION = YES;
				GCC_WARN_ABOUT_RETURN_TYPE = YES_ERROR;
				GCC_WARN_UNDECLARED_SELECTOR = YES;
				GCC_WARN_UNINITIALIZED_AUTOS = YES_AGGRESSIVE;
				GCC_WARN_UNUSED_FUNCTION = YES;
				GCC_WARN_UNUSED_VARIABLE = YES;
				IPHONEOS_DEPLOYMENT_TARGET = 15.2;
				MTL_ENABLE_DEBUG_INFO = NO;
				MTL_FAST_MATH = YES;
				SDKROOT = iphoneos;
				SWIFT_COMPILATION_MODE = wholemodule;
				SWIFT_OPTIMIZATION_LEVEL = "-O";
				VALIDATE_PRODUCT = YES;
			};
			name = Release;
		};
		63A0634528D1D78400DD19D6 /* Debug */ = {
			isa = XCBuildConfiguration;
			buildSettings = {
				ASSETCATALOG_COMPILER_APPICON_NAME = AppIcon;
				ASSETCATALOG_COMPILER_GLOBAL_ACCENT_COLOR_NAME = AccentColor;
				CODE_SIGN_STYLE = Automatic;
				CURRENT_PROJECT_VERSION = 1;
				DEVELOPMENT_TEAM = RDN49U5LNR;
				GENERATE_INFOPLIST_FILE = YES;
				INFOPLIST_KEY_NSCameraUsageDescription = "";
				INFOPLIST_KEY_UIApplicationSupportsIndirectInputEvents = YES;
				INFOPLIST_KEY_UILaunchStoryboardName = LaunchScreen;
				INFOPLIST_KEY_UIMainStoryboardFile = Main;
				INFOPLIST_KEY_UIRequiredDeviceCapabilities = arkit;
				INFOPLIST_KEY_UIStatusBarHidden = YES;
				INFOPLIST_KEY_UISupportedInterfaceOrientations_iPad = "UIInterfaceOrientationPortrait UIInterfaceOrientationPortraitUpsideDown UIInterfaceOrientationLandscapeLeft UIInterfaceOrientationLandscapeRight";
				INFOPLIST_KEY_UISupportedInterfaceOrientations_iPhone = "UIInterfaceOrientationPortrait UIInterfaceOrientationLandscapeLeft UIInterfaceOrientationLandscapeRight";
				LD_RUNPATH_SEARCH_PATHS = (
					"$(inherited)",
					"@executable_path/Frameworks",
				);
				MARKETING_VERSION = 1.0;
				PRODUCT_BUNDLE_IDENTIFIER = com.example.TuwaiqCollectionView;
				PRODUCT_NAME = "$(TARGET_NAME)";
				SWIFT_EMIT_LOC_STRINGS = YES;
				SWIFT_VERSION = 5.0;
				TARGETED_DEVICE_FAMILY = "1,2";
			};
			name = Debug;
		};
		63A0634628D1D78400DD19D6 /* Release */ = {
			isa = XCBuildConfiguration;
			buildSettings = {
				ASSETCATALOG_COMPILER_APPICON_NAME = AppIcon;
				ASSETCATALOG_COMPILER_GLOBAL_ACCENT_COLOR_NAME = AccentColor;
				CODE_SIGN_STYLE = Automatic;
				CURRENT_PROJECT_VERSION = 1;
				DEVELOPMENT_TEAM = RDN49U5LNR;
				GENERATE_INFOPLIST_FILE = YES;
				INFOPLIST_KEY_NSCameraUsageDescription = "";
				INFOPLIST_KEY_UIApplicationSupportsIndirectInputEvents = YES;
				INFOPLIST_KEY_UILaunchStoryboardName = LaunchScreen;
				INFOPLIST_KEY_UIMainStoryboardFile = Main;
				INFOPLIST_KEY_UIRequiredDeviceCapabilities = arkit;
				INFOPLIST_KEY_UIStatusBarHidden = YES;
				INFOPLIST_KEY_UISupportedInterfaceOrientations_iPad = "UIInterfaceOrientationPortrait UIInterfaceOrientationPortraitUpsideDown UIInterfaceOrientationLandscapeLeft UIInterfaceOrientationLandscapeRight";
				INFOPLIST_KEY_UISupportedInterfaceOrientations_iPhone = "UIInterfaceOrientationPortrait UIInterfaceOrientationLandscapeLeft UIInterfaceOrientationLandscapeRight";
				LD_RUNPATH_SEARCH_PATHS = (
					"$(inherited)",
					"@executable_path/Frameworks",
				);
				MARKETING_VERSION = 1.0;
				PRODUCT_BUNDLE_IDENTIFIER = com.example.TuwaiqCollectionView;
				PRODUCT_NAME = "$(TARGET_NAME)";
				SWIFT_EMIT_LOC_STRINGS = YES;
				SWIFT_VERSION = 5.0;
				TARGETED_DEVICE_FAMILY = "1,2";
			};
			name = Release;
		};
		63A0634828D1D78400DD19D6 /* Debug */ = {
			isa = XCBuildConfiguration;
			buildSettings = {
				ALWAYS_EMBED_SWIFT_STANDARD_LIBRARIES = YES;
				BUNDLE_LOADER = "$(TEST_HOST)";
				CODE_SIGN_STYLE = Automatic;
				CURRENT_PROJECT_VERSION = 1;
				DEVELOPMENT_TEAM = 745Y6A94NJ;
				GENERATE_INFOPLIST_FILE = YES;
				IPHONEOS_DEPLOYMENT_TARGET = 15.2;
				MARKETING_VERSION = 1.0;
				PRODUCT_BUNDLE_IDENTIFIER = com.example.AnimalsParkARTests;
				PRODUCT_NAME = "$(TARGET_NAME)";
				SWIFT_EMIT_LOC_STRINGS = NO;
				SWIFT_VERSION = 5.0;
				TARGETED_DEVICE_FAMILY = "1,2";
				TEST_HOST = "$(BUILT_PRODUCTS_DIR)/AnimalsParkAR.app/AnimalsParkAR";
			};
			name = Debug;
		};
		63A0634928D1D78400DD19D6 /* Release */ = {
			isa = XCBuildConfiguration;
			buildSettings = {
				ALWAYS_EMBED_SWIFT_STANDARD_LIBRARIES = YES;
				BUNDLE_LOADER = "$(TEST_HOST)";
				CODE_SIGN_STYLE = Automatic;
				CURRENT_PROJECT_VERSION = 1;
				DEVELOPMENT_TEAM = 745Y6A94NJ;
				GENERATE_INFOPLIST_FILE = YES;
				IPHONEOS_DEPLOYMENT_TARGET = 15.2;
				MARKETING_VERSION = 1.0;
				PRODUCT_BUNDLE_IDENTIFIER = com.example.AnimalsParkARTests;
				PRODUCT_NAME = "$(TARGET_NAME)";
				SWIFT_EMIT_LOC_STRINGS = NO;
				SWIFT_VERSION = 5.0;
				TARGETED_DEVICE_FAMILY = "1,2";
				TEST_HOST = "$(BUILT_PRODUCTS_DIR)/AnimalsParkAR.app/AnimalsParkAR";
			};
			name = Release;
		};
		63A0634B28D1D78400DD19D6 /* Debug */ = {
			isa = XCBuildConfiguration;
			buildSettings = {
				ALWAYS_EMBED_SWIFT_STANDARD_LIBRARIES = YES;
				CODE_SIGN_STYLE = Automatic;
				CURRENT_PROJECT_VERSION = 1;
				DEVELOPMENT_TEAM = 745Y6A94NJ;
				GENERATE_INFOPLIST_FILE = YES;
				MARKETING_VERSION = 1.0;
				PRODUCT_BUNDLE_IDENTIFIER = com.example.AnimalsParkARUITests;
				PRODUCT_NAME = "$(TARGET_NAME)";
				SWIFT_EMIT_LOC_STRINGS = NO;
				SWIFT_VERSION = 5.0;
				TARGETED_DEVICE_FAMILY = "1,2";
				TEST_TARGET_NAME = AnimalsParkAR;
			};
			name = Debug;
		};
		63A0634C28D1D78400DD19D6 /* Release */ = {
			isa = XCBuildConfiguration;
			buildSettings = {
				ALWAYS_EMBED_SWIFT_STANDARD_LIBRARIES = YES;
				CODE_SIGN_STYLE = Automatic;
				CURRENT_PROJECT_VERSION = 1;
				DEVELOPMENT_TEAM = 745Y6A94NJ;
				GENERATE_INFOPLIST_FILE = YES;
				MARKETING_VERSION = 1.0;
				PRODUCT_BUNDLE_IDENTIFIER = com.example.AnimalsParkARUITests;
				PRODUCT_NAME = "$(TARGET_NAME)";
				SWIFT_EMIT_LOC_STRINGS = NO;
				SWIFT_VERSION = 5.0;
				TARGETED_DEVICE_FAMILY = "1,2";
				TEST_TARGET_NAME = AnimalsParkAR;
			};
			name = Release;
		};
/* End XCBuildConfiguration section */

/* Begin XCConfigurationList section */
		63A0631628D1D78300DD19D6 /* Build configuration list for PBXProject "AnimalsParkAR" */ = {
			isa = XCConfigurationList;
			buildConfigurations = (
				63A0634228D1D78400DD19D6 /* Debug */,
				63A0634328D1D78400DD19D6 /* Release */,
			);
			defaultConfigurationIsVisible = 0;
			defaultConfigurationName = Release;
		};
		63A0634428D1D78400DD19D6 /* Build configuration list for PBXNativeTarget "AnimalsParkAR" */ = {
			isa = XCConfigurationList;
			buildConfigurations = (
				63A0634528D1D78400DD19D6 /* Debug */,
				63A0634628D1D78400DD19D6 /* Release */,
			);
			defaultConfigurationIsVisible = 0;
			defaultConfigurationName = Release;
		};
		63A0634728D1D78400DD19D6 /* Build configuration list for PBXNativeTarget "AnimalsParkARTests" */ = {
			isa = XCConfigurationList;
			buildConfigurations = (
				63A0634828D1D78400DD19D6 /* Debug */,
				63A0634928D1D78400DD19D6 /* Release */,
			);
			defaultConfigurationIsVisible = 0;
			defaultConfigurationName = Release;
		};
		63A0634A28D1D78400DD19D6 /* Build configuration list for PBXNativeTarget "AnimalsParkARUITests" */ = {
			isa = XCConfigurationList;
			buildConfigurations = (
				63A0634B28D1D78400DD19D6 /* Debug */,
				63A0634C28D1D78400DD19D6 /* Release */,
			);
			defaultConfigurationIsVisible = 0;
			defaultConfigurationName = Release;
		};
/* End XCConfigurationList section */

/* Begin XCRemoteSwiftPackageReference section */
		63AE03DA28D88AB200B9135D /* XCRemoteSwiftPackageReference "IQKeyboardManager" */ = {
			isa = XCRemoteSwiftPackageReference;
			repositoryURL = "https://github.com/hackiftekhar/IQKeyboardManager.git";
			requirement = {
				kind = versionRange;
				maximumVersion = 6.5.0;
				minimumVersion = 2.0.0;
			};
		};
/* End XCRemoteSwiftPackageReference section */

/* Begin XCSwiftPackageProductDependency section */
		63AE03DB28D88AB200B9135D /* IQKeyboardManagerSwift */ = {
			isa = XCSwiftPackageProductDependency;
			package = 63AE03DA28D88AB200B9135D /* XCRemoteSwiftPackageReference "IQKeyboardManager" */;
			productName = IQKeyboardManagerSwift;
		};
/* End XCSwiftPackageProductDependency section */

/* Begin XCVersionGroup section */
		63A0635928D1FF1D00DD19D6 /* coreData.xcdatamodeld */ = {
			isa = XCVersionGroup;
			children = (
				63A0635A28D1FF1D00DD19D6 /* coreData.xcdatamodel */,
			);
			currentVersion = 63A0635A28D1FF1D00DD19D6 /* coreData.xcdatamodel */;
			path = coreData.xcdatamodeld;
			sourceTree = "<group>";
			versionGroupType = wrapper.xcdatamodel;
		};
/* End XCVersionGroup section */
	};
	rootObject = 63A0631328D1D78300DD19D6 /* Project object */;
}
